
Microsoft Visual Studio Solution File, Format Version 12.00
# Visual Studio Version 17
VisualStudioVersion = 17.11.35327.3
MinimumVisualStudioVersion = 10.0.40219.1
Project("{FAE04EC0-301F-11D3-BF4B-00C04F79EFBC}") = "BookService", "BookService.csproj", "{45908D1A-01FE-41C1-B346-7EB755F929EA}"
EndProject
Global
	GlobalSection(SolutionConfigurationPlatforms) = preSolution
		Debug|Any CPU = Debug|Any CPU
		Release|Any CPU = Release|Any CPU
	EndGlobalSection
	GlobalSection(ProjectConfigurationPlatforms) = postSolution
		{45908D1A-01FE-41C1-B346-7EB755F929EA}.Debug|Any CPU.ActiveCfg = Debug|Any CPU
		{45908D1A-01FE-41C1-B346-7EB755F929EA}.Debug|Any CPU.Build.0 = Debug|Any CPU
		{45908D1A-01FE-41C1-B346-7EB755F929EA}.Release|Any CPU.ActiveCfg = Release|Any CPU
		{45908D1A-01FE-41C1-B346-7EB755F929EA}.Release|Any CPU.Build.0 = Release|Any CPU
	EndGlobalSection
	GlobalSection(SolutionProperties) = preSolution
		HideSolutionNode = FALSE
	EndGlobalSection
	GlobalSection(ExtensibilityGlobals) = postSolution
		SolutionGuid = {645A9B9C-2BB9-4CA8-9892-0405F94DFAC3}
	EndGlobalSection
EndGlobal
